
Microsoft Visual Studio Solution File, Format Version 12.00
# Visual Studio Version 18
VisualStudioVersion = 18.5.11716.220
MinimumVisualStudioVersion = 10.0.40219.1
Project("{8BC9CEB8-8B4A-11D0-8D11-00A0C91BC942}") = "BMEngine", "BMEngine\BMEngine.vcxproj", "{586F058E-5AC9-47A6-A6E4-178952F88B82}"
EndProject
Project("{2150E333-8FDC-42A3-9474-1A3956D46DE8}") = "Solution Items", "Solution Items", "{B1A2EE96-CC3D-4946-998C-F62C8FD315EB}"
	ProjectSection(SolutionItems) = preProject
		PostBuildScript.bat = PostBuildScript.bat
	EndProjectSection
EndProject
Project("{8BC9CEB8-8B4A-11D0-8D11-00A0C91BC942}") = "SharedLib", "Temp\SharedLib\SharedLib.vcxproj", "{096D10FB-6E38-3011-B4F7-DCE127C8BF89}"
EndProject
Project("{8BC9CEB8-8B4A-11D0-8D11-00A0C91BC942}") = "BmRender", "Temp\BmRender\BmRender.vcxproj", "{45D24E22-5192-3793-9C45-AADD8BDBBB3A}"
EndProject
Project("{8BC9CEB8-8B4A-11D0-8D11-00A0C91BC942}") = "CompileShaders", "Temp\BmEngine\Tools\CompileShaders\CompileShaders.vcxproj", "{68285059-D7F5-3B39-8396-AA99334923D2}"
EndProject
Project("{8BC9CEB8-8B4A-11D0-8D11-00A0C91BC942}") = "Converter", "Temp\BmEngine\Tools\Converter\Converter.vcxproj", "{B02C7105-3A05-34AC-9078-F84222CF400D}"
EndProject
Global
	GlobalSection(SolutionConfigurationPlatforms) = preSolution
		Debug|x64 = Debug|x64
		Debug|x86 = Debug|x86
		Release|x64 = Release|x64
		Release|x86 = Release|x86
	EndGlobalSection
	GlobalSection(ProjectConfigurationPlatforms) = postSolution
		{586F058E-5AC9-47A6-A6E4-178952F88B82}.Debug|x64.ActiveCfg = Debug|x64
		{586F058E-5AC9-47A6-A6E4-178952F88B82}.Debug|x64.Build.0 = Debug|x64
		{586F058E-5AC9-47A6-A6E4-178952F88B82}.Debug|x86.ActiveCfg = Debug|x64
		{586F058E-5AC9-47A6-A6E4-178952F88B82}.Release|x64.ActiveCfg = Release|x64
		{586F058E-5AC9-47A6-A6E4-178952F88B82}.Release|x64.Build.0 = Release|x64
		{586F058E-5AC9-47A6-A6E4-178952F88B82}.Release|x86.ActiveCfg = Release|x64
		{096D10FB-6E38-3011-B4F7-DCE127C8BF89}.Debug|x64.ActiveCfg = Debug|x64
		{096D10FB-6E38-3011-B4F7-DCE127C8BF89}.Debug|x64.Build.0 = Debug|x64
		{096D10FB-6E38-3011-B4F7-DCE127C8BF89}.Debug|x86.ActiveCfg = Debug|x64
		{096D10FB-6E38-3011-B4F7-DCE127C8BF89}.Debug|x86.Build.0 = Debug|x64
		{096D10FB-6E38-3011-B4F7-DCE127C8BF89}.Release|x64.ActiveCfg = Release|x64
		{096D10FB-6E38-3011-B4F7-DCE127C8BF89}.Release|x64.Build.0 = Release|x64
		{096D10FB-6E38-3011-B4F7-DCE127C8BF89}.Release|x86.ActiveCfg = Release|x64
		{096D10FB-6E38-3011-B4F7-DCE127C8BF89}.Release|x86.Build.0 = Release|x64
		{45D24E22-5192-3793-9C45-AADD8BDBBB3A}.Debug|x64.ActiveCfg = Debug|x64
		{45D24E22-5192-3793-9C45-AADD8BDBBB3A}.Debug|x64.Build.0 = Debug|x64
		{45D24E22-5192-3793-9C45-AADD8BDBBB3A}.Debug|x86.ActiveCfg = Debug|x64
		{45D24E22-5192-3793-9C45-AADD8BDBBB3A}.Debug|x86.Build.0 = Debug|x64
		{45D24E22-5192-3793-9C45-AADD8BDBBB3A}.Release|x64.ActiveCfg = Release|x64
		{45D24E22-5192-3793-9C45-AADD8BDBBB3A}.Release|x64.Build.0 = Release|x64
		{45D24E22-5192-3793-9C45-AADD8BDBBB3A}.Release|x86.ActiveCfg = Release|x64
		{45D24E22-5192-3793-9C45-AADD8BDBBB3A}.Release|x86.Build.0 = Release|x64
		{68285059-D7F5-3B39-8396-AA99334923D2}.Debug|x64.ActiveCfg = Debug|x64
		{68285059-D7F5-3B39-8396-AA99334923D2}.Debug|x64.Build.0 = Debug|x64
		{68285059-D7F5-3B39-8396-AA99334923D2}.Debug|x86.ActiveCfg = Debug|x64
		{68285059-D7F5-3B39-8396-AA99334923D2}.Debug|x86.Build.0 = Debug|x64
		{68285059-D7F5-3B39-8396-AA99334923D2}.Release|x64.ActiveCfg = Release|x64
		{68285059-D7F5-3B39-8396-AA99334923D2}.Release|x64.Build.0 = Release|x64
		{68285059-D7F5-3B39-8396-AA99334923D2}.Release|x86.ActiveCfg = Release|x64
		{68285059-D7F5-3B39-8396-AA99334923D2}.Release|x86.Build.0 = Release|x64
		{B02C7105-3A05-34AC-9078-F84222CF400D}.Debug|x64.ActiveCfg = Debug|x64
		{B02C7105-3A05-34AC-9078-F84222CF400D}.Debug|x64.Build.0 = Debug|x64
		{B02C7105-3A05-34AC-9078-F84222CF400D}.Debug|x86.ActiveCfg = Debug|x64
		{B02C7105-3A05-34AC-9078-F84222CF400D}.Debug|x86.Build.0 = Debug|x64
		{B02C7105-3A05-34AC-9078-F84222CF400D}.Release|x64.ActiveCfg = Release|x64
		{B02C7105-3A05-34AC-9078-F84222CF400D}.Release|x64.Build.0 = Release|x64
		{B02C7105-3A05-34AC-9078-F84222CF400D}.Release|x86.ActiveCfg = Release|x64
		{B02C7105-3A05-34AC-9078-F84222CF400D}.Release|x86.Build.0 = Release|x64
	EndGlobalSection
	GlobalSection(SolutionProperties) = preSolution
		HideSolutionNode = FALSE
	EndGlobalSection
	GlobalSection(ExtensibilityGlobals) = postSolution
		SolutionGuid = {9FAE9EB7-07D8-4635-A46A-495DDA63D3FA}
	EndGlobalSection
EndGlobal
