<?xml version="1.0" encoding="utf-8"?>
<Project ToolsVersion="4.0" xmlns="http://schemas.microsoft.com/developer/msbuild/2003">
  <ItemGroup>
    <Filter Include="Resource Files">
      <UniqueIdentifier>{67DA6AB6-F800-4c08-8B7A-83BB121AAD01}</UniqueIdentifier>
      <Extensions>rc;ico;cur;bmp;dlg;rc2;rct;bin;rgs;gif;jpg;jpeg;jpe;resx;tiff;tif;png;wav;mfcribbon-ms</Extensions>
    </Filter>
  </ItemGroup>
  <ItemGroup>
    <ClCompile Include="Source\main.cpp" />
    <ClCompile Include="Source\Core\VulkanCoreTypes.cpp" />
    <ClCompile Include="Source\Util\Util.cpp" />
  </ItemGroup>
  <ItemGroup>
    <ClInclude Include="Source\Core\VulkanCoreTypes.h" />
    <ClInclude Include="Source\Util\Util.h" />
    <ClInclude Include="Source\Util\stb_image.h" />
  </ItemGroup>
  <ItemGroup>
    <None Include="Resources\Shaders\Second.frag" />
    <None Include="Resources\Shaders\Second.vert" />
  </ItemGroup>
</Project>