<?xml version="1.0" encoding="utf-8"?>
<Project ToolsVersion="4.0" xmlns="http://schemas.microsoft.com/developer/msbuild/2003">
  <ItemGroup>
    <Filter Include="Resource Files">
      <UniqueIdentifier>{67DA6AB6-F800-4c08-8B7A-83BB121AAD01}</UniqueIdentifier>
      <Extensions>rc;ico;cur;bmp;dlg;rc2;rct;bin;rgs;gif;jpg;jpeg;jpe;resx;tiff;tif;png;wav;mfcribbon-ms</Extensions>
    </Filter>
  </ItemGroup>
  <ItemGroup>
    <ClCompile Include="Source\main.cpp" />
    <ClCompile Include="Source\Util\Util.cpp" />
    <ClCompile Include="..\External\imgui\backends\imgui_impl_glfw.cpp" />
    <ClCompile Include="..\External\imgui\backends\imgui_impl_vulkan.cpp" />
    <ClCompile Include="..\External\imgui\imgui.cpp" />
    <ClCompile Include="..\External\imgui\imgui_demo.cpp" />
    <ClCompile Include="..\External\imgui\imgui_draw.cpp" />
    <ClCompile Include="..\External\imgui\imgui_tables.cpp" />
    <ClCompile Include="..\External\imgui\imgui_widgets.cpp" />
    <ClCompile Include="Source\Render\Render.cpp" />
    <ClCompile Include="Source\ImguiIntegration.cpp" />
    <ClCompile Include="Source\Util\Settings.cpp" />
    <ClCompile Include="Source\Render\VulkanInterface\VulkanInterface.cpp" />
    <ClCompile Include="Source\Engine\Engine.cpp" />
    <ClCompile Include="Source\Platform\WinPlatform.cpp" />
    <ClCompile Include="Source\Engine\Systems\DynamicMapSystem.cpp" />
    <ClCompile Include="Source\Engine\Systems\ResourceManager.cpp" />
    <ClCompile Include="Source\Engine\Scene.cpp" />
    <ClCompile Include="Source\Render\FrameManager.cpp" />
    <ClCompile Include="Source\Engine\Systems\TerrainSystem.cpp" />
    <ClCompile Include="Source\Engine\Systems\StaticMeshSystem.cpp" />
    <ClCompile Include="Source\Engine\Systems\Render\RenderResourceManger.cpp" />
    <ClCompile Include="Source\Engine\Systems\Render\LightningPass.cpp" />
    <ClCompile Include="Source\Engine\Systems\Render\MainPass.cpp" />
  </ItemGroup>
  <ItemGroup>
    <ClInclude Include="Source\Util\Util.h" />
    <ClInclude Include="Source\Util\stb_image.h" />
    <ClInclude Include="Source\Memory\MemoryManagmentSystem.h" />
    <ClInclude Include="Source\Util\EngineTypes.h" />
    <ClInclude Include="..\External\imgui\backends\imgui_impl_glfw.h" />
    <ClInclude Include="..\External\imgui\backends\imgui_impl_vulkan.h" />
    <ClInclude Include="..\External\imgui\imconfig.h" />
    <ClInclude Include="..\External\imgui\imgui.h" />
    <ClInclude Include="..\External\imgui\imgui_internal.h" />
    <ClInclude Include="..\External\imgui\imstb_rectpack.h" />
    <ClInclude Include="..\External\imgui\imstb_textedit.h" />
    <ClInclude Include="..\External\imgui\imstb_truetype.h" />
    <ClInclude Include="Source\ImguiIntegration.h" />
    <ClInclude Include="Source\Render\Render.h" />
    <ClInclude Include="Source\Util\Settings.h" />
    <ClInclude Include="Source\Render\VulkanInterface\VulkanInterface.h" />
    <ClInclude Include="Source\Engine\Engine.h" />
    <ClInclude Include="Source\Platform\WinPlatform.h" />
    <ClInclude Include="Source\Engine\Systems\DynamicMapSystem.h" />
    <ClInclude Include="Source\Engine\Systems\ResourceManager.h" />
    <ClInclude Include="Source\Engine\Scene.h" />
    <ClInclude Include="Source\Util\Math.h" />
    <ClInclude Include="Source\Render\FrameManager.h" />
    <ClInclude Include="Source\Engine\Systems\TerrainSystem.h" />
    <ClInclude Include="Source\Engine\Systems\StaticMeshSystem.h" />
    <ClInclude Include="Source\Engine\Systems\Render\RenderResourceManger.h" />
    <ClInclude Include="Source\Engine\Systems\Render\LightningPass.h" />
    <ClInclude Include="Source\Engine\Systems\Render\MainPass.h" />
  </ItemGroup>
  <ItemGroup>
    <None Include="Resources\Shaders\Second.frag" />
    <None Include="Resources\Shaders\Second.vert" />
  </ItemGroup>
</Project>