<?xml version="1.0" encoding="utf-8"?>
<Project ToolsVersion="4.0" xmlns="http://schemas.microsoft.com/developer/msbuild/2003">
  <ItemGroup>
    <Filter Include="Resource Files">
      <UniqueIdentifier>{67DA6AB6-F800-4c08-8B7A-83BB121AAD01}</UniqueIdentifier>
      <Extensions>rc;ico;cur;bmp;dlg;rc2;rct;bin;rgs;gif;jpg;jpeg;jpe;resx;tiff;tif;png;wav;mfcribbon-ms</Extensions>
    </Filter>
  </ItemGroup>
  <ItemGroup>
    <ClCompile Include="Source\main.cpp" />
    <ClCompile Include="Source\Core\VulkanRender.cpp" />
    <ClCompile Include="Source\Core\Window.cpp" />
    <ClCompile Include="Source\Core\Engine.cpp" />
    <ClCompile Include="Source\Util\Log.cpp" />
    <ClCompile Include="Source\Core\VulkanUtil.cpp" />
  </ItemGroup>
  <ItemGroup>
    <ClInclude Include="Source\Core\VulkanRender.h" />
    <ClInclude Include="Source\Core\Window.h" />
    <ClInclude Include="Source\Util\Log.h" />
    <ClInclude Include="Source\Core\Engine.h" />
    <ClInclude Include="Source\Core\VulkanUtil.h" />
  </ItemGroup>
</Project>