<?xml version="1.0" encoding="utf-8"?>
<Project ToolsVersion="4.0" xmlns="http://schemas.microsoft.com/developer/msbuild/2003">
  <ItemGroup>
    <ClInclude Include="Sources\VulkanBackend\VulkanCoreContext.h" />
    <ClInclude Include="Sources\VulkanBackend\VulkanHelper.h" />
    <ClInclude Include="Sources\VulkanBackend\VulkanRender.h" />
    <ClInclude Include="RenderInterface.h" />
    <ClInclude Include="Sources\RenderInternal.h" />
  </ItemGroup>
  <ItemGroup>
    <ClCompile Include="Sources\RenderInterface.cpp" />
    <ClCompile Include="Sources\VulkanBackend\VulkanCoreContext.cpp" />
    <ClCompile Include="Sources\VulkanBackend\VulkanHelper.cpp" />
    <ClCompile Include="Sources\VulkanBackend\VulkanRender.cpp" />
  </ItemGroup>
</Project>